PODS:
  - Masonry (0.6.1)
  - YSWebView (1.0.0):
    - YSWebView/Core (= 1.0.0)
  - YSWebView/Core (1.0.0):
    - Masonry

DEPENDENCIES:
  - YSWebView (from `../`)

EXTERNAL SOURCES:
  YSWebView:
    :path: ../

SPEC CHECKSUMS:
  Masonry: 4972309f2f134de9dd312f4dc4a21359b50e6caa
  YSWebView: a010a5c91e05a0fd1efeb6f91d9f7336749266f8

COCOAPODS: 0.38.2
