// !$*UTF8*$!
{
	archiveVersion = 1;
	classes = {
	};
	objectVersion = 46;
	objects = {

/* Begin PBXBuildFile section */
		DA2BDC8F1B3D79A600E03D40 /* YSWebView.h in CopyFiles */ = {isa = PBXBuildFile; fileRef = DA2BDC8E1B3D79A600E03D40 /* YSWebView.h */; };
		DA2BDC911B3D79A600E03D40 /* YSWebView.m in Sources */ = {isa = PBXBuildFile; fileRef = DA2BDC901B3D79A600E03D40 /* YSWebView.m */; };
		DA2BDC971B3D79A600E03D40 /* libYSWebView.a in Frameworks */ = {isa = PBXBuildFile; fileRef = DA2BDC8B1B3D79A600E03D40 /* libYSWebView.a */; };
/* End PBXBuildFile section */

/* Begin PBXContainerItemProxy section */
		DA2BDC981B3D79A600E03D40 /* PBXContainerItemProxy */ = {
			isa = PBXContainerItemProxy;
			containerPortal = DA2BDC831B3D79A600E03D40 /* Project object */;
			proxyType = 1;
			remoteGlobalIDString = DA2BDC8A1B3D79A600E03D40;
			remoteInfo = YSWebView;
		};
/* End PBXContainerItemProxy section */

/* Begin PBXCopyFilesBuildPhase section */
		DA2BDC891B3D79A600E03D40 /* CopyFiles */ = {
			isa = PBXCopyFilesBuildPhase;
			buildActionMask = 2147483647;
			dstPath = "include/$(PRODUCT_NAME)";
			dstSubfolderSpec = 16;
			files = (
				DA2BDC8F1B3D79A600E03D40 /* YSWebView.h in CopyFiles */,
			);
			runOnlyForDeploymentPostprocessing = 0;
		};
/* End PBXCopyFilesBuildPhase section */

/* Begin PBXFileReference section */
		DA2BDC8B1B3D79A600E03D40 /* libYSWebView.a */ = {isa = PBXFileReference; explicitFileType = archive.ar; includeInIndex = 0; path = libYSWebView.a; sourceTree = BUILT_PRODUCTS_DIR; };
		DA2BDC8E1B3D79A600E03D40 /* YSWebView.h */ = {isa = PBXFileReference; lastKnownFileType = sourcecode.c.h; path = YSWebView.h; sourceTree = "<group>"; };
		DA2BDC901B3D79A600E03D40 /* YSWebView.m */ = {isa = PBXFileReference; lastKnownFileType = sourcecode.c.objc; path = YSWebView.m; sourceTree = "<group>"; };
		DA2BDC961B3D79A600E03D40 /* YSWebViewTests.xctest */ = {isa = PBXFileReference; explicitFileType = wrapper.cfbundle; includeInIndex = 0; path = YSWebViewTests.xctest; sourceTree = BUILT_PRODUCTS_DIR; };
		DA2BDC9C1B3D79A600E03D40 /* Info.plist */ = {isa = PBXFileReference; lastKnownFileType = text.plist.xml; path = Info.plist; sourceTree = "<group>"; };
/* End PBXFileReference section */

/* Begin PBXFrameworksBuildPhase section */
		DA2BDC881B3D79A600E03D40 /* Frameworks */ = {
			isa = PBXFrameworksBuildPhase;
			buildActionMask = 2147483647;
			files = (
			);
			runOnlyForDeploymentPostprocessing = 0;
		};
		DA2BDC931B3D79A600E03D40 /* Frameworks */ = {
			isa = PBXFrameworksBuildPhase;
			buildActionMask = 2147483647;
			files = (
				DA2BDC971B3D79A600E03D40 /* libYSWebView.a in Frameworks */,
			);
			runOnlyForDeploymentPostprocessing = 0;
		};
/* End PBXFrameworksBuildPhase section */

/* Begin PBXGroup section */
		DA2BDC821B3D79A600E03D40 = {
			isa = PBXGroup;
			children = (
				DA2BDC8D1B3D79A600E03D40 /* YSWebView */,
				DA2BDC9A1B3D79A600E03D40 /* YSWebViewTests */,
				DA2BDC8C1B3D79A600E03D40 /* Products */,
			);
			sourceTree = "<group>";
		};
		DA2BDC8C1B3D79A600E03D40 /* Products */ = {
			isa = PBXGroup;
			children = (
				DA2BDC8B1B3D79A600E03D40 /* libYSWebView.a */,
				DA2BDC961B3D79A600E03D40 /* YSWebViewTests.xctest */,
			);
			name = Products;
			sourceTree = "<group>";
		};
		DA2BDC8D1B3D79A600E03D40 /* YSWebView */ = {
			isa = PBXGroup;
			children = (
				DA2BDC8E1B3D79A600E03D40 /* YSWebView.h */,
				DA2BDC901B3D79A600E03D40 /* YSWebView.m */,
			);
			path = YSWebView;
			sourceTree = "<group>";
		};
		DA2BDC9A1B3D79A600E03D40 /* YSWebViewTests */ = {
			isa = PBXGroup;
			children = (
				DA2BDC9B1B3D79A600E03D40 /* Supporting Files */,
			);
			path = YSWebViewTests;
			sourceTree = "<group>";
		};
		DA2BDC9B1B3D79A600E03D40 /* Supporting Files */ = {
			isa = PBXGroup;
			children = (
				DA2BDC9C1B3D79A600E03D40 /* Info.plist */,
			);
			name = "Supporting Files";
			sourceTree = "<group>";
		};
/* End PBXGroup section */

/* Begin PBXNativeTarget section */
		DA2BDC8A1B3D79A600E03D40 /* YSWebView */ = {
			isa = PBXNativeTarget;
			buildConfigurationList = DA2BDC9F1B3D79A600E03D40 /* Build configuration list for PBXNativeTarget "YSWebView" */;
			buildPhases = (
				DA2BDC871B3D79A600E03D40 /* Sources */,
				DA2BDC881B3D79A600E03D40 /* Frameworks */,
				DA2BDC891B3D79A600E03D40 /* CopyFiles */,
			);
			buildRules = (
			);
			dependencies = (
			);
			name = YSWebView;
			productName = YSWebView;
			productReference = DA2BDC8B1B3D79A600E03D40 /* libYSWebView.a */;
			productType = "com.apple.product-type.library.static";
		};
		DA2BDC951B3D79A600E03D40 /* YSWebViewTests */ = {
			isa = PBXNativeTarget;
			buildConfigurationList = DA2BDCA21B3D79A600E03D40 /* Build configuration list for PBXNativeTarget "YSWebViewTests" */;
			buildPhases = (
				DA2BDC921B3D79A600E03D40 /* Sources */,
				DA2BDC931B3D79A600E03D40 /* Frameworks */,
				DA2BDC941B3D79A600E03D40 /* Resources */,
			);
			buildRules = (
			);
			dependencies = (
				DA2BDC991B3D79A600E03D40 /* PBXTargetDependency */,
			);
			name = YSWebViewTests;
			productName = YSWebViewTests;
			productReference = DA2BDC961B3D79A600E03D40 /* YSWebViewTests.xctest */;
			productType = "com.apple.product-type.bundle.unit-test";
		};
/* End PBXNativeTarget section */

/* Begin PBXProject section */
		DA2BDC831B3D79A600E03D40 /* Project object */ = {
			isa = PBXProject;
			attributes = {
				LastUpgradeCheck = 0630;
				ORGANIZATIONNAME = Yardi;
				TargetAttributes = {
					DA2BDC8A1B3D79A600E03D40 = {
						CreatedOnToolsVersion = 6.3.2;
					};
					DA2BDC951B3D79A600E03D40 = {
						CreatedOnToolsVersion = 6.3.2;
					};
				};
			};
			buildConfigurationList = DA2BDC861B3D79A600E03D40 /* Build configuration list for PBXProject "YSWebView" */;
			compatibilityVersion = "Xcode 3.2";
			developmentRegion = English;
			hasScannedForEncodings = 0;
			knownRegions = (
				en,
			);
			mainGroup = DA2BDC821B3D79A600E03D40;
			productRefGroup = DA2BDC8C1B3D79A600E03D40 /* Products */;
			projectDirPath = "";
			projectRoot = "";
			targets = (
				DA2BDC8A1B3D79A600E03D40 /* YSWebView */,
				DA2BDC951B3D79A600E03D40 /* YSWebViewTests */,
			);
		};
/* End PBXProject section */

/* Begin PBXResourcesBuildPhase section */
		DA2BDC941B3D79A600E03D40 /* Resources */ = {
			isa = PBXResourcesBuildPhase;
			buildActionMask = 2147483647;
			files = (
			);
			runOnlyForDeploymentPostprocessing = 0;
		};
/* End PBXResourcesBuildPhase section */

/* Begin PBXSourcesBuildPhase section */
		DA2BDC871B3D79A600E03D40 /* Sources */ = {
			isa = PBXSourcesBuildPhase;
			buildActionMask = 2147483647;
			files = (
				DA2BDC911B3D79A600E03D40 /* YSWebView.m in Sources */,
			);
			runOnlyForDeploymentPostprocessing = 0;
		};
		DA2BDC921B3D79A600E03D40 /* Sources */ = {
			isa = PBXSourcesBuildPhase;
			buildActionMask = 2147483647;
			files = (
			);
			runOnlyForDeploymentPostprocessing = 0;
		};
/* End PBXSourcesBuildPhase section */

/* Begin PBXTargetDependency section */
		DA2BDC991B3D79A600E03D40 /* PBXTargetDependency */ = {
			isa = PBXTargetDependency;
			target = DA2BDC8A1B3D79A600E03D40 /* YSWebView */;
			targetProxy = DA2BDC981B3D79A600E03D40 /* PBXContainerItemProxy */;
		};
/* End PBXTargetDependency section */

/* Begin XCBuildConfiguration section */
		DA2BDC9D1B3D79A600E03D40 /* Debug */ = {
			isa = XCBuildConfiguration;
			buildSettings = {
				ALWAYS_SEARCH_USER_PATHS = NO;
				CLANG_CXX_LANGUAGE_STANDARD = "gnu++0x";
				CLANG_CXX_LIBRARY = "libc++";
				CLANG_ENABLE_MODULES = YES;
				CLANG_ENABLE_OBJC_ARC = YES;
				CLANG_WARN_BOOL_CONVERSION = YES;
				CLANG_WARN_CONSTANT_CONVERSION = YES;
				CLANG_WARN_DIRECT_OBJC_ISA_USAGE = YES_ERROR;
				CLANG_WARN_EMPTY_BODY = YES;
				CLANG_WARN_ENUM_CONVERSION = YES;
				CLANG_WARN_INT_CONVERSION = YES;
				CLANG_WARN_OBJC_ROOT_CLASS = YES_ERROR;
				CLANG_WARN_UNREACHABLE_CODE = YES;
				CLANG_WARN__DUPLICATE_METHOD_MATCH = YES;
				COPY_PHASE_STRIP = NO;
				DEBUG_INFORMATION_FORMAT = "dwarf-with-dsym";
				ENABLE_STRICT_OBJC_MSGSEND = YES;
				GCC_C_LANGUAGE_STANDARD = gnu99;
				GCC_DYNAMIC_NO_PIC = NO;
				GCC_NO_COMMON_BLOCKS = YES;
				GCC_OPTIMIZATION_LEVEL = 0;
				GCC_PREPROCESSOR_DEFINITIONS = (
					"DEBUG=1",
					"$(inherited)",
				);
				GCC_SYMBOLS_PRIVATE_EXTERN = NO;
				GCC_WARN_64_TO_32_BIT_CONVERSION = YES;
				GCC_WARN_ABOUT_RETURN_TYPE = YES_ERROR;
				GCC_WARN_UNDECLARED_SELECTOR = YES;
				GCC_WARN_UNINITIALIZED_AUTOS = YES_AGGRESSIVE;
				GCC_WARN_UNUSED_FUNCTION = YES;
				GCC_WARN_UNUSED_VARIABLE = YES;
				IPHONEOS_DEPLOYMENT_TARGET = 8.3;
				MTL_ENABLE_DEBUG_INFO = YES;
				ONLY_ACTIVE_ARCH = YES;
				SDKROOT = iphoneos;
			};
			name = Debug;
		};
		DA2BDC9E1B3D79A600E03D40 /* Release */ = {
			isa = XCBuildConfiguration;
			buildSettings = {
				ALWAYS_SEARCH_USER_PATHS = NO;
				CLANG_CXX_LANGUAGE_STANDARD = "gnu++0x";
				CLANG_CXX_LIBRARY = "libc++";
				CLANG_ENABLE_MODULES = YES;
				CLANG_ENABLE_OBJC_ARC = YES;
				CLANG_WARN_BOOL_CONVERSION = YES;
				CLANG_WARN_CONSTANT_CONVERSION = YES;
				CLANG_WARN_DIRECT_OBJC_ISA_USAGE = YES_ERROR;
				CLANG_WARN_EMPTY_BODY = YES;
				CLANG_WARN_ENUM_CONVERSION = YES;
				CLANG_WARN_INT_CONVERSION = YES;
				CLANG_WARN_OBJC_ROOT_CLASS = YES_ERROR;
				CLANG_WARN_UNREACHABLE_CODE = YES;
				CLANG_WARN__DUPLICATE_METHOD_MATCH = YES;
				COPY_PHASE_STRIP = NO;
				DEBUG_INFORMATION_FORMAT = "dwarf-with-dsym";
				ENABLE_NS_ASSERTIONS = NO;
				ENABLE_STRICT_OBJC_MSGSEND = YES;
				GCC_C_LANGUAGE_STANDARD = gnu99;
				GCC_NO_COMMON_BLOCKS = YES;
				GCC_WARN_64_TO_32_BIT_CONVERSION = YES;
				GCC_WARN_ABOUT_RETURN_TYPE = YES_ERROR;
				GCC_WARN_UNDECLARED_SELECTOR = YES;
				GCC_WARN_UNINITIALIZED_AUTOS = YES_AGGRESSIVE;
				GCC_WARN_UNUSED_FUNCTION = YES;
				GCC_WARN_UNUSED_VARIABLE = YES;
				IPHONEOS_DEPLOYMENT_TARGET = 8.3;
				MTL_ENABLE_DEBUG_INFO = NO;
				SDKROOT = iphoneos;
				VALIDATE_PRODUCT = YES;
			};
			name = Release;
		};
		DA2BDCA01B3D79A600E03D40 /* Debug */ = {
			isa = XCBuildConfiguration;
			buildSettings = {
				OTHER_LDFLAGS = "-ObjC";
				PRODUCT_NAME = "$(TARGET_NAME)";
				SKIP_INSTALL = YES;
			};
			name = Debug;
		};
		DA2BDCA11B3D79A600E03D40 /* Release */ = {
			isa = XCBuildConfiguration;
			buildSettings = {
				OTHER_LDFLAGS = "-ObjC";
				PRODUCT_NAME = "$(TARGET_NAME)";
				SKIP_INSTALL = YES;
			};
			name = Release;
		};
		DA2BDCA31B3D79A600E03D40 /* Debug */ = {
			isa = XCBuildConfiguration;
			buildSettings = {
				"CODE_SIGN_IDENTITY[sdk=iphoneos*]" = "iPhone Developer";
				FRAMEWORK_SEARCH_PATHS = (
					"$(SDKROOT)/Developer/Library/Frameworks",
					"$(inherited)",
				);
				GCC_PREPROCESSOR_DEFINITIONS = (
					"DEBUG=1",
					"$(inherited)",
				);
				INFOPLIST_FILE = YSWebViewTests/Info.plist;
				LD_RUNPATH_SEARCH_PATHS = "$(inherited) @executable_path/Frameworks @loader_path/Frameworks";
				PRODUCT_NAME = "$(TARGET_NAME)";
			};
			name = Debug;
		};
		DA2BDCA41B3D79A600E03D40 /* Release */ = {
			isa = XCBuildConfiguration;
			buildSettings = {
				"CODE_SIGN_IDENTITY[sdk=iphoneos*]" = "iPhone Developer";
				FRAMEWORK_SEARCH_PATHS = (
					"$(SDKROOT)/Developer/Library/Frameworks",
					"$(inherited)",
				);
				INFOPLIST_FILE = YSWebViewTests/Info.plist;
				LD_RUNPATH_SEARCH_PATHS = "$(inherited) @executable_path/Frameworks @loader_path/Frameworks";
				PRODUCT_NAME = "$(TARGET_NAME)";
			};
			name = Release;
		};
/* End XCBuildConfiguration section */

/* Begin XCConfigurationList section */
		DA2BDC861B3D79A600E03D40 /* Build configuration list for PBXProject "YSWebView" */ = {
			isa = XCConfigurationList;
			buildConfigurations = (
				DA2BDC9D1B3D79A600E03D40 /* Debug */,
				DA2BDC9E1B3D79A600E03D40 /* Release */,
			);
			defaultConfigurationIsVisible = 0;
			defaultConfigurationName = Release;
		};
		DA2BDC9F1B3D79A600E03D40 /* Build configuration list for PBXNativeTarget "YSWebView" */ = {
			isa = XCConfigurationList;
			buildConfigurations = (
				DA2BDCA01B3D79A600E03D40 /* Debug */,
				DA2BDCA11B3D79A600E03D40 /* Release */,
			);
			defaultConfigurationIsVisible = 0;
		};
		DA2BDCA21B3D79A600E03D40 /* Build configuration list for PBXNativeTarget "YSWebViewTests" */ = {
			isa = XCConfigurationList;
			buildConfigurations = (
				DA2BDCA31B3D79A600E03D40 /* Debug */,
				DA2BDCA41B3D79A600E03D40 /* Release */,
			);
			defaultConfigurationIsVisible = 0;
		};
/* End XCConfigurationList section */
	};
	rootObject = DA2BDC831B3D79A600E03D40 /* Project object */;
}
